{
  "object": {
    "pins": [
      {
        "package": "CocoaAsyncSocket",
        "repositoryURL": "https://github.com/nrohwedder/CocoaAsyncSocket",
        "state": {
          "branch": "release/7_6_4_SPM",
          "revision": "3ca12c977ab1e8a3e814025fc331f83187735431",
          "version": null
        }
      }
    ]
  },
  "version": 1
}
